
Microsoft Visual Studio Solution File, Format Version 12.00
# Visual Studio 2013
VisualStudioVersion = 12.0.31101.0
MinimumVisualStudioVersion = 10.0.40219.1
Project("{FAE04EC0-301F-11D3-BF4B-00C04F79EFBC}") = "OnlineShop.Domain", "OnlineShop.Domain\OnlineShop.Domain.csproj", "{26FDA740-3DB8-445E-87A6-9CA1E5DD8E9E}"
EndProject
Project("{FAE04EC0-301F-11D3-BF4B-00C04F79EFBC}") = "OnlineShop.Repositories", "OnlineShop.Repositories\OnlineShop.Repositories.csproj", "{02BC5D02-A57A-42CE-8E53-16F63B9C48CD}"
EndProject
Project("{FAE04EC0-301F-11D3-BF4B-00C04F79EFBC}") = "OnlineShop.Services", "OnlineShop.Services\OnlineShop.Services.csproj", "{7E28C9C6-AC01-422B-AAB4-3A717CB12639}"
EndProject
Project("{FAE04EC0-301F-11D3-BF4B-00C04F79EFBC}") = "OnlineShop.Web", "OnlineShop.Web\OnlineShop.Web.csproj", "{A2913297-7F6B-49C5-9123-461C7D45F7D2}"
EndProject
Project("{FAE04EC0-301F-11D3-BF4B-00C04F79EFBC}") = "OnlineShop.Web.Tests", "OnlineShop.Web.Tests\OnlineShop.Web.Tests.csproj", "{1F456524-26E2-4982-9214-D686D9E76DEC}"
EndProject
Project("{2150E333-8FDC-42A3-9474-1A3956D46DE8}") = ".nuget", ".nuget", "{FFC3F508-E0D5-4E12-906C-CBB9D31FCF17}"
	ProjectSection(SolutionItems) = preProject
		.nuget\NuGet.Config = .nuget\NuGet.Config
		.nuget\NuGet.exe = .nuget\NuGet.exe
		.nuget\NuGet.targets = .nuget\NuGet.targets
	EndProjectSection
EndProject
Project("{FAE04EC0-301F-11D3-BF4B-00C04F79EFBC}") = "OnlineShop.Fx", "OnlineShop.Fx\OnlineShop.Fx.csproj", "{782CE005-63AA-400B-BDEC-9ADB68F12A9D}"
EndProject
Global
	GlobalSection(SolutionConfigurationPlatforms) = preSolution
		Debug|Any CPU = Debug|Any CPU
		Release|Any CPU = Release|Any CPU
	EndGlobalSection
	GlobalSection(ProjectConfigurationPlatforms) = postSolution
		{26FDA740-3DB8-445E-87A6-9CA1E5DD8E9E}.Debug|Any CPU.ActiveCfg = Debug|Any CPU
		{26FDA740-3DB8-445E-87A6-9CA1E5DD8E9E}.Debug|Any CPU.Build.0 = Debug|Any CPU
		{26FDA740-3DB8-445E-87A6-9CA1E5DD8E9E}.Release|Any CPU.ActiveCfg = Release|Any CPU
		{26FDA740-3DB8-445E-87A6-9CA1E5DD8E9E}.Release|Any CPU.Build.0 = Release|Any CPU
		{02BC5D02-A57A-42CE-8E53-16F63B9C48CD}.Debug|Any CPU.ActiveCfg = Debug|Any CPU
		{02BC5D02-A57A-42CE-8E53-16F63B9C48CD}.Debug|Any CPU.Build.0 = Debug|Any CPU
		{02BC5D02-A57A-42CE-8E53-16F63B9C48CD}.Release|Any CPU.ActiveCfg = Release|Any CPU
		{02BC5D02-A57A-42CE-8E53-16F63B9C48CD}.Release|Any CPU.Build.0 = Release|Any CPU
		{7E28C9C6-AC01-422B-AAB4-3A717CB12639}.Debug|Any CPU.ActiveCfg = Debug|Any CPU
		{7E28C9C6-AC01-422B-AAB4-3A717CB12639}.Debug|Any CPU.Build.0 = Debug|Any CPU
		{7E28C9C6-AC01-422B-AAB4-3A717CB12639}.Release|Any CPU.ActiveCfg = Release|Any CPU
		{7E28C9C6-AC01-422B-AAB4-3A717CB12639}.Release|Any CPU.Build.0 = Release|Any CPU
		{A2913297-7F6B-49C5-9123-461C7D45F7D2}.Debug|Any CPU.ActiveCfg = Debug|Any CPU
		{A2913297-7F6B-49C5-9123-461C7D45F7D2}.Debug|Any CPU.Build.0 = Debug|Any CPU
		{A2913297-7F6B-49C5-9123-461C7D45F7D2}.Release|Any CPU.ActiveCfg = Release|Any CPU
		{A2913297-7F6B-49C5-9123-461C7D45F7D2}.Release|Any CPU.Build.0 = Release|Any CPU
		{1F456524-26E2-4982-9214-D686D9E76DEC}.Debug|Any CPU.ActiveCfg = Debug|Any CPU
		{1F456524-26E2-4982-9214-D686D9E76DEC}.Debug|Any CPU.Build.0 = Debug|Any CPU
		{1F456524-26E2-4982-9214-D686D9E76DEC}.Release|Any CPU.ActiveCfg = Release|Any CPU
		{1F456524-26E2-4982-9214-D686D9E76DEC}.Release|Any CPU.Build.0 = Release|Any CPU
		{782CE005-63AA-400B-BDEC-9ADB68F12A9D}.Debug|Any CPU.ActiveCfg = Debug|Any CPU
		{782CE005-63AA-400B-BDEC-9ADB68F12A9D}.Debug|Any CPU.Build.0 = Debug|Any CPU
		{782CE005-63AA-400B-BDEC-9ADB68F12A9D}.Release|Any CPU.ActiveCfg = Release|Any CPU
		{782CE005-63AA-400B-BDEC-9ADB68F12A9D}.Release|Any CPU.Build.0 = Release|Any CPU
	EndGlobalSection
	GlobalSection(SolutionProperties) = preSolution
		HideSolutionNode = FALSE
	EndGlobalSection
EndGlobal
